// !$*UTF8*$!
{
	archiveVersion = 1;
	classes = {
	};
	objectVersion = 56;
	objects = {

/* Begin PBXBuildFile section */
		569B17EA294C7F3D0068F1BF /* UserSettings.swift in Sources */ = {isa = PBXBuildFile; fileRef = 569B17E9294C7F3C0068F1BF /* UserSettings.swift */; };
		D41ED3E429471FC800EFB697 /* OTPviewModel.swift in Sources */ = {isa = PBXBuildFile; fileRef = D41ED3E329471FC800EFB697 /* OTPviewModel.swift */; };
		D41ED3E6294721A300EFB697 /* userModelView.swift in Sources */ = {isa = PBXBuildFile; fileRef = D41ED3E5294721A300EFB697 /* userModelView.swift */; };
		D41ED3E8294721E200EFB697 /* User.swift in Sources */ = {isa = PBXBuildFile; fileRef = D41ED3E7294721E200EFB697 /* User.swift */; };
		D41ED3EC294862E200EFB697 /* GoogleService-Info.plist in Resources */ = {isa = PBXBuildFile; fileRef = D41ED3EB294862E200EFB697 /* GoogleService-Info.plist */; };
		D41ED3F0294866D800EFB697 /* FirebaseAnalytics in Frameworks */ = {isa = PBXBuildFile; productRef = D41ED3EF294866D800EFB697 /* FirebaseAnalytics */; };
		D41ED3F2294866D800EFB697 /* FirebaseAuth in Frameworks */ = {isa = PBXBuildFile; productRef = D41ED3F1294866D800EFB697 /* FirebaseAuth */; };
		D41ED3F4294866D800EFB697 /* FirebaseMessaging in Frameworks */ = {isa = PBXBuildFile; productRef = D41ED3F3294866D800EFB697 /* FirebaseMessaging */; };
		D44D20E3293F4AB700E5FCEC /* WeVoluntApp.swift in Sources */ = {isa = PBXBuildFile; fileRef = D44D20E2293F4AB700E5FCEC /* WeVoluntApp.swift */; };
		D44D20E7293F4AB800E5FCEC /* Assets.xcassets in Resources */ = {isa = PBXBuildFile; fileRef = D44D20E6293F4AB800E5FCEC /* Assets.xcassets */; };
		D44D20EA293F4AB800E5FCEC /* Preview Assets.xcassets in Resources */ = {isa = PBXBuildFile; fileRef = D44D20E9293F4AB800E5FCEC /* Preview Assets.xcassets */; };
		D44D20F1293F7B3E00E5FCEC /* SplashScreen.swift in Sources */ = {isa = PBXBuildFile; fileRef = D44D20F0293F7B3E00E5FCEC /* SplashScreen.swift */; };
		D44D20F3293F7B6300E5FCEC /* MainPage.swift in Sources */ = {isa = PBXBuildFile; fileRef = D44D20F2293F7B6300E5FCEC /* MainPage.swift */; };
		D44D20F5293F7C2E00E5FCEC /* InterestPage.swift in Sources */ = {isa = PBXBuildFile; fileRef = D44D20F4293F7C2E00E5FCEC /* InterestPage.swift */; };
		D44D20F7293F83EE00E5FCEC /* ProfilePage.swift in Sources */ = {isa = PBXBuildFile; fileRef = D44D20F6293F83EE00E5FCEC /* ProfilePage.swift */; };
		D44D20F9293F853C00E5FCEC /* SelectedVolunteer.swift in Sources */ = {isa = PBXBuildFile; fileRef = D44D20F8293F853C00E5FCEC /* SelectedVolunteer.swift */; };
		D44D20FB293F89A600E5FCEC /* LoginPage.swift in Sources */ = {isa = PBXBuildFile; fileRef = D44D20FA293F89A600E5FCEC /* LoginPage.swift */; };
		D44D20FD293F8A5E00E5FCEC /* OTPverify.swift in Sources */ = {isa = PBXBuildFile; fileRef = D44D20FC293F8A5E00E5FCEC /* OTPverify.swift */; };
		D44D2101293F8ACA00E5FCEC /* SignUp.swift in Sources */ = {isa = PBXBuildFile; fileRef = D44D2100293F8ACA00E5FCEC /* SignUp.swift */; };
		D44D2103293F8B0A00E5FCEC /* VolunteerRegister.swift in Sources */ = {isa = PBXBuildFile; fileRef = D44D2102293F8B0A00E5FCEC /* VolunteerRegister.swift */; };
		D44D2105293F8BE300E5FCEC /* SubmitNotify.swift in Sources */ = {isa = PBXBuildFile; fileRef = D44D2104293F8BE300E5FCEC /* SubmitNotify.swift */; };
		D44D2107293F937C00E5FCEC /* EnrolledVolunteer.swift in Sources */ = {isa = PBXBuildFile; fileRef = D44D2106293F937C00E5FCEC /* EnrolledVolunteer.swift */; };
		D45FD37D2941B9640023819B /* categories.swift in Sources */ = {isa = PBXBuildFile; fileRef = D45FD37C2941B9640023819B /* categories.swift */; };
		D45FD382294211FA0023819B /* categoriesModelView.swift in Sources */ = {isa = PBXBuildFile; fileRef = D45FD381294211FA0023819B /* categoriesModelView.swift */; };
		D45FD3842942137E0023819B /* volunteerCard.swift in Sources */ = {isa = PBXBuildFile; fileRef = D45FD3832942137E0023819B /* volunteerCard.swift */; };
		D47D2D97294B3DC800087BC5 /* volunteer.swift in Sources */ = {isa = PBXBuildFile; fileRef = D47D2D96294B3DC800087BC5 /* volunteer.swift */; };
		D47D2D99294B43C500087BC5 /* volunteerModelView.swift in Sources */ = {isa = PBXBuildFile; fileRef = D47D2D98294B43C500087BC5 /* volunteerModelView.swift */; };
		D49C215A294EEE3700BB900F /* mustloginpage.swift in Sources */ = {isa = PBXBuildFile; fileRef = D49C2159294EEE3700BB900F /* mustloginpage.swift */; };
		F400FA94294CEEB000F5A77B /* VolunteerViewModel.swift in Sources */ = {isa = PBXBuildFile; fileRef = F400FA93294CEA8E00F5A77B /* VolunteerViewModel.swift */; };
		F400FA97294CEF6E00F5A77B /* VolunteerOpp.swift in Sources */ = {isa = PBXBuildFile; fileRef = F400FA91294CEA8700F5A77B /* VolunteerOpp.swift */; };
/* End PBXBuildFile section */

/* Begin PBXFileReference section */
		569B17E9294C7F3C0068F1BF /* UserSettings.swift */ = {isa = PBXFileReference; lastKnownFileType = sourcecode.swift; path = UserSettings.swift; sourceTree = "<group>"; };
		569B17EC294C7F590068F1BF /* SF-Compact.ttf */ = {isa = PBXFileReference; lastKnownFileType = file; path = "SF-Compact.ttf"; sourceTree = "<group>"; };
		D41ED3E329471FC800EFB697 /* OTPviewModel.swift */ = {isa = PBXFileReference; lastKnownFileType = sourcecode.swift; path = OTPviewModel.swift; sourceTree = "<group>"; };
		D41ED3E5294721A300EFB697 /* userModelView.swift */ = {isa = PBXFileReference; lastKnownFileType = sourcecode.swift; path = userModelView.swift; sourceTree = "<group>"; };
		D41ED3E7294721E200EFB697 /* User.swift */ = {isa = PBXFileReference; lastKnownFileType = sourcecode.swift; path = User.swift; sourceTree = "<group>"; };
		D41ED3EB294862E200EFB697 /* GoogleService-Info.plist */ = {isa = PBXFileReference; fileEncoding = 4; lastKnownFileType = text.plist.xml; path = "GoogleService-Info.plist"; sourceTree = "<group>"; };
		D44D20DF293F4AB700E5FCEC /* WeVolunt.app */ = {isa = PBXFileReference; explicitFileType = wrapper.application; includeInIndex = 0; path = WeVolunt.app; sourceTree = BUILT_PRODUCTS_DIR; };
		D44D20E2293F4AB700E5FCEC /* WeVoluntApp.swift */ = {isa = PBXFileReference; lastKnownFileType = sourcecode.swift; path = WeVoluntApp.swift; sourceTree = "<group>"; };
		D44D20E6293F4AB800E5FCEC /* Assets.xcassets */ = {isa = PBXFileReference; lastKnownFileType = folder.assetcatalog; path = Assets.xcassets; sourceTree = "<group>"; };
		D44D20E9293F4AB800E5FCEC /* Preview Assets.xcassets */ = {isa = PBXFileReference; lastKnownFileType = folder.assetcatalog; path = "Preview Assets.xcassets"; sourceTree = "<group>"; };
		D44D20F0293F7B3E00E5FCEC /* SplashScreen.swift */ = {isa = PBXFileReference; lastKnownFileType = sourcecode.swift; path = SplashScreen.swift; sourceTree = "<group>"; };
		D44D20F2293F7B6300E5FCEC /* MainPage.swift */ = {isa = PBXFileReference; lastKnownFileType = sourcecode.swift; path = MainPage.swift; sourceTree = "<group>"; };
		D44D20F4293F7C2E00E5FCEC /* InterestPage.swift */ = {isa = PBXFileReference; lastKnownFileType = sourcecode.swift; path = InterestPage.swift; sourceTree = "<group>"; };
		D44D20F6293F83EE00E5FCEC /* ProfilePage.swift */ = {isa = PBXFileReference; lastKnownFileType = sourcecode.swift; path = ProfilePage.swift; sourceTree = "<group>"; };
		D44D20F8293F853C00E5FCEC /* SelectedVolunteer.swift */ = {isa = PBXFileReference; lastKnownFileType = sourcecode.swift; path = SelectedVolunteer.swift; sourceTree = "<group>"; };
		D44D20FA293F89A600E5FCEC /* LoginPage.swift */ = {isa = PBXFileReference; lastKnownFileType = sourcecode.swift; path = LoginPage.swift; sourceTree = "<group>"; };
		D44D20FC293F8A5E00E5FCEC /* OTPverify.swift */ = {isa = PBXFileReference; lastKnownFileType = sourcecode.swift; path = OTPverify.swift; sourceTree = "<group>"; };
		D44D2100293F8ACA00E5FCEC /* SignUp.swift */ = {isa = PBXFileReference; lastKnownFileType = sourcecode.swift; path = SignUp.swift; sourceTree = "<group>"; };
		D44D2102293F8B0A00E5FCEC /* VolunteerRegister.swift */ = {isa = PBXFileReference; lastKnownFileType = sourcecode.swift; path = VolunteerRegister.swift; sourceTree = "<group>"; };
		D44D2104293F8BE300E5FCEC /* SubmitNotify.swift */ = {isa = PBXFileReference; lastKnownFileType = sourcecode.swift; path = SubmitNotify.swift; sourceTree = "<group>"; };
		D44D2106293F937C00E5FCEC /* EnrolledVolunteer.swift */ = {isa = PBXFileReference; lastKnownFileType = sourcecode.swift; path = EnrolledVolunteer.swift; sourceTree = "<group>"; };
		D45FD37C2941B9640023819B /* categories.swift */ = {isa = PBXFileReference; lastKnownFileType = sourcecode.swift; path = categories.swift; sourceTree = "<group>"; };
		D45FD381294211FA0023819B /* categoriesModelView.swift */ = {isa = PBXFileReference; lastKnownFileType = sourcecode.swift; path = categoriesModelView.swift; sourceTree = "<group>"; };
		D45FD3832942137E0023819B /* volunteerCard.swift */ = {isa = PBXFileReference; lastKnownFileType = sourcecode.swift; path = volunteerCard.swift; sourceTree = "<group>"; };
		D47D2D96294B3DC800087BC5 /* volunteer.swift */ = {isa = PBXFileReference; lastKnownFileType = sourcecode.swift; path = volunteer.swift; sourceTree = "<group>"; };
		D47D2D98294B43C500087BC5 /* volunteerModelView.swift */ = {isa = PBXFileReference; lastKnownFileType = sourcecode.swift; path = volunteerModelView.swift; sourceTree = "<group>"; };
		D49C2159294EEE3700BB900F /* mustloginpage.swift */ = {isa = PBXFileReference; lastKnownFileType = sourcecode.swift; path = mustloginpage.swift; sourceTree = "<group>"; };
		D4C7CA9129491351009AB02D /* WeVolunt.entitlements */ = {isa = PBXFileReference; lastKnownFileType = text.plist.entitlements; path = WeVolunt.entitlements; sourceTree = "<group>"; };
		F400FA91294CEA8700F5A77B /* VolunteerOpp.swift */ = {isa = PBXFileReference; lastKnownFileType = sourcecode.swift; path = VolunteerOpp.swift; sourceTree = "<group>"; };
		F400FA93294CEA8E00F5A77B /* VolunteerViewModel.swift */ = {isa = PBXFileReference; lastKnownFileType = sourcecode.swift; path = VolunteerViewModel.swift; sourceTree = "<group>"; };
		F400FABC294F07DF00F5A77B /* Info.plist */ = {isa = PBXFileReference; fileEncoding = 4; lastKnownFileType = text.plist.xml; path = Info.plist; sourceTree = "<group>"; };
/* End PBXFileReference section */

/* Begin PBXFrameworksBuildPhase section */
		D44D20DC293F4AB700E5FCEC /* Frameworks */ = {
			isa = PBXFrameworksBuildPhase;
			buildActionMask = 2147483647;
			files = (
				D41ED3F4294866D800EFB697 /* FirebaseMessaging in Frameworks */,
				D41ED3F0294866D800EFB697 /* FirebaseAnalytics in Frameworks */,
				D41ED3F2294866D800EFB697 /* FirebaseAuth in Frameworks */,
			);
			runOnlyForDeploymentPostprocessing = 0;
		};
/* End PBXFrameworksBuildPhase section */

/* Begin PBXGroup section */
		569B17EB294C7F590068F1BF /* Fonts */ = {
			isa = PBXGroup;
			children = (
				569B17EC294C7F590068F1BF /* SF-Compact.ttf */,
			);
			path = Fonts;
			sourceTree = "<group>";
		};
		D41ED3E9294732B000EFB697 /* volunteerRegist */ = {
			isa = PBXGroup;
			children = (
				D45FD3802942111B0023819B /* View */,
				D45FD37E294210F70023819B /* Model */,
				D45FD37F294211050023819B /* ViewModel */,
			);
			path = volunteerRegist;
			sourceTree = "<group>";
		};
		D41ED3EA2948629D00EFB697 /* shared */ = {
			isa = PBXGroup;
			children = (
				D41ED3EB294862E200EFB697 /* GoogleService-Info.plist */,
			);
			path = shared;
			sourceTree = "<group>";
		};
		D44D20D6293F4AB700E5FCEC = {
			isa = PBXGroup;
			children = (
				D44D20E1293F4AB700E5FCEC /* WeVolunt */,
				D44D20E0293F4AB700E5FCEC /* Products */,
			);
			sourceTree = "<group>";
		};
		D44D20E0293F4AB700E5FCEC /* Products */ = {
			isa = PBXGroup;
			children = (
				D44D20DF293F4AB700E5FCEC /* WeVolunt.app */,
			);
			name = Products;
			sourceTree = "<group>";
		};
		D44D20E1293F4AB700E5FCEC /* WeVolunt */ = {
			isa = PBXGroup;
			children = (
				F400FA98294CEF7D00F5A77B /* Model */,
				F400FA96294CEF1A00F5A77B /* ViewModel */,
				569B17EB294C7F590068F1BF /* Fonts */,
				D4C7CA9129491351009AB02D /* WeVolunt.entitlements */,
				F400FABC294F07DF00F5A77B /* Info.plist */,
				D41ED3EA2948629D00EFB697 /* shared */,
				D41ED3E9294732B000EFB697 /* volunteerRegist */,
				D44D20E2293F4AB700E5FCEC /* WeVoluntApp.swift */,
				D44D20F0293F7B3E00E5FCEC /* SplashScreen.swift */,
				D44D20F8293F853C00E5FCEC /* SelectedVolunteer.swift */,
				D44D20F2293F7B6300E5FCEC /* MainPage.swift */,
				569B17E9294C7F3C0068F1BF /* UserSettings.swift */,
				D44D20F4293F7C2E00E5FCEC /* InterestPage.swift */,
				D44D2100293F8ACA00E5FCEC /* SignUp.swift */,
				D44D2106293F937C00E5FCEC /* EnrolledVolunteer.swift */,
				D44D2104293F8BE300E5FCEC /* SubmitNotify.swift */,
				D44D2102293F8B0A00E5FCEC /* VolunteerRegister.swift */,
				D49C2159294EEE3700BB900F /* mustloginpage.swift */,
				D41ED3E329471FC800EFB697 /* OTPviewModel.swift */,
				D44D20FC293F8A5E00E5FCEC /* OTPverify.swift */,
				D44D20FA293F89A600E5FCEC /* LoginPage.swift */,
				D44D20F6293F83EE00E5FCEC /* ProfilePage.swift */,
				D45FD37C2941B9640023819B /* categories.swift */,
				D47D2D96294B3DC800087BC5 /* volunteer.swift */,
				D45FD3832942137E0023819B /* volunteerCard.swift */,
				D47D2D98294B43C500087BC5 /* volunteerModelView.swift */,
				D45FD381294211FA0023819B /* categoriesModelView.swift */,
				D44D20E6293F4AB800E5FCEC /* Assets.xcassets */,
				D44D20E8293F4AB800E5FCEC /* Preview Content */,
				D45FD38529437BE10023819B /* OTP verification */,
			);
			path = WeVolunt;
			sourceTree = "<group>";
		};
		D44D20E8293F4AB800E5FCEC /* Preview Content */ = {
			isa = PBXGroup;
			children = (
				D44D20E9293F4AB800E5FCEC /* Preview Assets.xcassets */,
			);
			path = "Preview Content";
			sourceTree = "<group>";
		};
		D45FD37E294210F70023819B /* Model */ = {
			isa = PBXGroup;
			children = (
				D41ED3E7294721E200EFB697 /* User.swift */,
			);
			path = Model;
			sourceTree = "<group>";
		};
		D45FD37F294211050023819B /* ViewModel */ = {
			isa = PBXGroup;
			children = (
				D41ED3E5294721A300EFB697 /* userModelView.swift */,
			);
			path = ViewModel;
			sourceTree = "<group>";
		};
		D45FD3802942111B0023819B /* View */ = {
			isa = PBXGroup;
			children = (
			);
			path = View;
			sourceTree = "<group>";
		};
		D45FD38529437BE10023819B /* OTP verification */ = {
			isa = PBXGroup;
			children = (
			);
			path = "OTP verification";
			sourceTree = "<group>";
		};
		F400FA96294CEF1A00F5A77B /* ViewModel */ = {
			isa = PBXGroup;
			children = (
				F400FA93294CEA8E00F5A77B /* VolunteerViewModel.swift */,
			);
			path = ViewModel;
			sourceTree = "<group>";
		};
		F400FA98294CEF7D00F5A77B /* Model */ = {
			isa = PBXGroup;
			children = (
				F400FA91294CEA8700F5A77B /* VolunteerOpp.swift */,
			);
			path = Model;
			sourceTree = "<group>";
		};
/* End PBXGroup section */

/* Begin PBXNativeTarget section */
		D44D20DE293F4AB700E5FCEC /* WeVolunt */ = {
			isa = PBXNativeTarget;
			buildConfigurationList = D44D20ED293F4AB800E5FCEC /* Build configuration list for PBXNativeTarget "WeVolunt" */;
			buildPhases = (
				D44D20DB293F4AB700E5FCEC /* Sources */,
				D44D20DC293F4AB700E5FCEC /* Frameworks */,
				D44D20DD293F4AB700E5FCEC /* Resources */,
			);
			buildRules = (
			);
			dependencies = (
			);
			name = WeVolunt;
			packageProductDependencies = (
				D41ED3EF294866D800EFB697 /* FirebaseAnalytics */,
				D41ED3F1294866D800EFB697 /* FirebaseAuth */,
				D41ED3F3294866D800EFB697 /* FirebaseMessaging */,
			);
			productName = WeVolunt;
			productReference = D44D20DF293F4AB700E5FCEC /* WeVolunt.app */;
			productType = "com.apple.product-type.application";
		};
/* End PBXNativeTarget section */

/* Begin PBXProject section */
		D44D20D7293F4AB700E5FCEC /* Project object */ = {
			isa = PBXProject;
			attributes = {
				BuildIndependentTargetsInParallel = 1;
				LastSwiftUpdateCheck = 1400;
				LastUpgradeCheck = 1400;
				TargetAttributes = {
					D44D20DE293F4AB700E5FCEC = {
						CreatedOnToolsVersion = 14.0.1;
					};
				};
			};
			buildConfigurationList = D44D20DA293F4AB700E5FCEC /* Build configuration list for PBXProject "WeVolunt" */;
			compatibilityVersion = "Xcode 14.0";
			developmentRegion = en;
			hasScannedForEncodings = 0;
			knownRegions = (
				en,
				Base,
			);
			mainGroup = D44D20D6293F4AB700E5FCEC;
			packageReferences = (
				D41ED3EE294866D800EFB697 /* XCRemoteSwiftPackageReference "firebase-ios-sdk" */,
			);
			productRefGroup = D44D20E0293F4AB700E5FCEC /* Products */;
			projectDirPath = "";
			projectRoot = "";
			targets = (
				D44D20DE293F4AB700E5FCEC /* WeVolunt */,
			);
		};
/* End PBXProject section */

/* Begin PBXResourcesBuildPhase section */
		D44D20DD293F4AB700E5FCEC /* Resources */ = {
			isa = PBXResourcesBuildPhase;
			buildActionMask = 2147483647;
			files = (
				D44D20EA293F4AB800E5FCEC /* Preview Assets.xcassets in Resources */,
				D44D20E7293F4AB800E5FCEC /* Assets.xcassets in Resources */,
				D41ED3EC294862E200EFB697 /* GoogleService-Info.plist in Resources */,
			);
			runOnlyForDeploymentPostprocessing = 0;
		};
/* End PBXResourcesBuildPhase section */

/* Begin PBXSourcesBuildPhase section */
		D44D20DB293F4AB700E5FCEC /* Sources */ = {
			isa = PBXSourcesBuildPhase;
			buildActionMask = 2147483647;
			files = (
				D44D20FB293F89A600E5FCEC /* LoginPage.swift in Sources */,
				F400FA94294CEEB000F5A77B /* VolunteerViewModel.swift in Sources */,
				D47D2D97294B3DC800087BC5 /* volunteer.swift in Sources */,
				D44D20F7293F83EE00E5FCEC /* ProfilePage.swift in Sources */,
				D44D20F1293F7B3E00E5FCEC /* SplashScreen.swift in Sources */,
				569B17EA294C7F3D0068F1BF /* UserSettings.swift in Sources */,
				D41ED3E429471FC800EFB697 /* OTPviewModel.swift in Sources */,
				D44D20FD293F8A5E00E5FCEC /* OTPverify.swift in Sources */,
				D45FD37D2941B9640023819B /* categories.swift in Sources */,
				D44D2107293F937C00E5FCEC /* EnrolledVolunteer.swift in Sources */,
				D44D20E3293F4AB700E5FCEC /* WeVoluntApp.swift in Sources */,
				F400FA97294CEF6E00F5A77B /* VolunteerOpp.swift in Sources */,
				D44D20F9293F853C00E5FCEC /* SelectedVolunteer.swift in Sources */,
				D45FD382294211FA0023819B /* categoriesModelView.swift in Sources */,
				D41ED3E6294721A300EFB697 /* userModelView.swift in Sources */,
				D44D20F5293F7C2E00E5FCEC /* InterestPage.swift in Sources */,
				D44D2103293F8B0A00E5FCEC /* VolunteerRegister.swift in Sources */,
				D45FD3842942137E0023819B /* volunteerCard.swift in Sources */,
				D47D2D99294B43C500087BC5 /* volunteerModelView.swift in Sources */,
				D44D20F3293F7B6300E5FCEC /* MainPage.swift in Sources */,
				D44D2105293F8BE300E5FCEC /* SubmitNotify.swift in Sources */,
				D44D2101293F8ACA00E5FCEC /* SignUp.swift in Sources */,
				D41ED3E8294721E200EFB697 /* User.swift in Sources */,
				D49C215A294EEE3700BB900F /* mustloginpage.swift in Sources */,
			);
			runOnlyForDeploymentPostprocessing = 0;
		};
/* End PBXSourcesBuildPhase section */

/* Begin XCBuildConfiguration section */
		D44D20EB293F4AB800E5FCEC /* Debug */ = {
			isa = XCBuildConfiguration;
			buildSettings = {
				ALWAYS_SEARCH_USER_PATHS = NO;
				CLANG_ANALYZER_NONNULL = YES;
				CLANG_ANALYZER_NUMBER_OBJECT_CONVERSION = YES_AGGRESSIVE;
				CLANG_CXX_LANGUAGE_STANDARD = "gnu++20";
				CLANG_ENABLE_MODULES = YES;
				CLANG_ENABLE_OBJC_ARC = YES;
				CLANG_ENABLE_OBJC_WEAK = YES;
				CLANG_WARN_BLOCK_CAPTURE_AUTORELEASING = YES;
				CLANG_WARN_BOOL_CONVERSION = YES;
				CLANG_WARN_COMMA = YES;
				CLANG_WARN_CONSTANT_CONVERSION = YES;
				CLANG_WARN_DEPRECATED_OBJC_IMPLEMENTATIONS = YES;
				CLANG_WARN_DIRECT_OBJC_ISA_USAGE = YES_ERROR;
				CLANG_WARN_DOCUMENTATION_COMMENTS = YES;
				CLANG_WARN_EMPTY_BODY = YES;
				CLANG_WARN_ENUM_CONVERSION = YES;
				CLANG_WARN_INFINITE_RECURSION = YES;
				CLANG_WARN_INT_CONVERSION = YES;
				CLANG_WARN_NON_LITERAL_NULL_CONVERSION = YES;
				CLANG_WARN_OBJC_IMPLICIT_RETAIN_SELF = YES;
				CLANG_WARN_OBJC_LITERAL_CONVERSION = YES;
				CLANG_WARN_OBJC_ROOT_CLASS = YES_ERROR;
				CLANG_WARN_QUOTED_INCLUDE_IN_FRAMEWORK_HEADER = YES;
				CLANG_WARN_RANGE_LOOP_ANALYSIS = YES;
				CLANG_WARN_STRICT_PROTOTYPES = YES;
				CLANG_WARN_SUSPICIOUS_MOVE = YES;
				CLANG_WARN_UNGUARDED_AVAILABILITY = YES_AGGRESSIVE;
				CLANG_WARN_UNREACHABLE_CODE = YES;
				CLANG_WARN__DUPLICATE_METHOD_MATCH = YES;
				COPY_PHASE_STRIP = NO;
				DEBUG_INFORMATION_FORMAT = dwarf;
				ENABLE_STRICT_OBJC_MSGSEND = YES;
				ENABLE_TESTABILITY = YES;
				GCC_C_LANGUAGE_STANDARD = gnu11;
				GCC_DYNAMIC_NO_PIC = NO;
				GCC_NO_COMMON_BLOCKS = YES;
				GCC_OPTIMIZATION_LEVEL = 0;
				GCC_PREPROCESSOR_DEFINITIONS = (
					"DEBUG=1",
					"$(inherited)",
				);
				GCC_WARN_64_TO_32_BIT_CONVERSION = YES;
				GCC_WARN_ABOUT_RETURN_TYPE = YES_ERROR;
				GCC_WARN_UNDECLARED_SELECTOR = YES;
				GCC_WARN_UNINITIALIZED_AUTOS = YES_AGGRESSIVE;
				GCC_WARN_UNUSED_FUNCTION = YES;
				GCC_WARN_UNUSED_VARIABLE = YES;
				IPHONEOS_DEPLOYMENT_TARGET = 16.0;
				MTL_ENABLE_DEBUG_INFO = INCLUDE_SOURCE;
				MTL_FAST_MATH = YES;
				ONLY_ACTIVE_ARCH = YES;
				SDKROOT = iphoneos;
				SWIFT_ACTIVE_COMPILATION_CONDITIONS = DEBUG;
				SWIFT_OPTIMIZATION_LEVEL = "-Onone";
			};
			name = Debug;
		};
		D44D20EC293F4AB800E5FCEC /* Release */ = {
			isa = XCBuildConfiguration;
			buildSettings = {
				ALWAYS_SEARCH_USER_PATHS = NO;
				CLANG_ANALYZER_NONNULL = YES;
				CLANG_ANALYZER_NUMBER_OBJECT_CONVERSION = YES_AGGRESSIVE;
				CLANG_CXX_LANGUAGE_STANDARD = "gnu++20";
				CLANG_ENABLE_MODULES = YES;
				CLANG_ENABLE_OBJC_ARC = YES;
				CLANG_ENABLE_OBJC_WEAK = YES;
				CLANG_WARN_BLOCK_CAPTURE_AUTORELEASING = YES;
				CLANG_WARN_BOOL_CONVERSION = YES;
				CLANG_WARN_COMMA = YES;
				CLANG_WARN_CONSTANT_CONVERSION = YES;
				CLANG_WARN_DEPRECATED_OBJC_IMPLEMENTATIONS = YES;
				CLANG_WARN_DIRECT_OBJC_ISA_USAGE = YES_ERROR;
				CLANG_WARN_DOCUMENTATION_COMMENTS = YES;
				CLANG_WARN_EMPTY_BODY = YES;
				CLANG_WARN_ENUM_CONVERSION = YES;
				CLANG_WARN_INFINITE_RECURSION = YES;
				CLANG_WARN_INT_CONVERSION = YES;
				CLANG_WARN_NON_LITERAL_NULL_CONVERSION = YES;
				CLANG_WARN_OBJC_IMPLICIT_RETAIN_SELF = YES;
				CLANG_WARN_OBJC_LITERAL_CONVERSION = YES;
				CLANG_WARN_OBJC_ROOT_CLASS = YES_ERROR;
				CLANG_WARN_QUOTED_INCLUDE_IN_FRAMEWORK_HEADER = YES;
				CLANG_WARN_RANGE_LOOP_ANALYSIS = YES;
				CLANG_WARN_STRICT_PROTOTYPES = YES;
				CLANG_WARN_SUSPICIOUS_MOVE = YES;
				CLANG_WARN_UNGUARDED_AVAILABILITY = YES_AGGRESSIVE;
				CLANG_WARN_UNREACHABLE_CODE = YES;
				CLANG_WARN__DUPLICATE_METHOD_MATCH = YES;
				COPY_PHASE_STRIP = NO;
				DEBUG_INFORMATION_FORMAT = "dwarf-with-dsym";
				ENABLE_NS_ASSERTIONS = NO;
				ENABLE_STRICT_OBJC_MSGSEND = YES;
				GCC_C_LANGUAGE_STANDARD = gnu11;
				GCC_NO_COMMON_BLOCKS = YES;
				GCC_WARN_64_TO_32_BIT_CONVERSION = YES;
				GCC_WARN_ABOUT_RETURN_TYPE = YES_ERROR;
				GCC_WARN_UNDECLARED_SELECTOR = YES;
				GCC_WARN_UNINITIALIZED_AUTOS = YES_AGGRESSIVE;
				GCC_WARN_UNUSED_FUNCTION = YES;
				GCC_WARN_UNUSED_VARIABLE = YES;
				IPHONEOS_DEPLOYMENT_TARGET = 16.0;
				MTL_ENABLE_DEBUG_INFO = NO;
				MTL_FAST_MATH = YES;
				SDKROOT = iphoneos;
				SWIFT_COMPILATION_MODE = wholemodule;
				SWIFT_OPTIMIZATION_LEVEL = "-O";
				VALIDATE_PRODUCT = YES;
			};
			name = Release;
		};
		D44D20EE293F4AB800E5FCEC /* Debug */ = {
			isa = XCBuildConfiguration;
			buildSettings = {
				ASSETCATALOG_COMPILER_APPICON_NAME = AppIcon;
				ASSETCATALOG_COMPILER_GLOBAL_ACCENT_COLOR_NAME = AccentColor;
				CODE_SIGN_ENTITLEMENTS = WeVolunt/WeVolunt.entitlements;
				CODE_SIGN_IDENTITY = "Apple Development";
				CODE_SIGN_STYLE = Automatic;
				CURRENT_PROJECT_VERSION = 1;
				DEVELOPMENT_ASSET_PATHS = "\"WeVolunt/Preview Content\"";
				DEVELOPMENT_TEAM = 45BF26C7ZG;
				ENABLE_PREVIEWS = YES;
				GENERATE_INFOPLIST_FILE = YES;
				INFOPLIST_FILE = WeVolunt/Info.plist;
				INFOPLIST_KEY_UIApplicationSceneManifest_Generation = YES;
				INFOPLIST_KEY_UIApplicationSupportsIndirectInputEvents = YES;
				INFOPLIST_KEY_UILaunchScreen_Generation = YES;
				INFOPLIST_KEY_UISupportedInterfaceOrientations_iPad = "UIInterfaceOrientationPortrait UIInterfaceOrientationPortraitUpsideDown UIInterfaceOrientationLandscapeLeft UIInterfaceOrientationLandscapeRight";
				INFOPLIST_KEY_UISupportedInterfaceOrientations_iPhone = "UIInterfaceOrientationPortrait UIInterfaceOrientationLandscapeLeft UIInterfaceOrientationLandscapeRight";
				LD_RUNPATH_SEARCH_PATHS = (
					"$(inherited)",
					"@executable_path/Frameworks",
				);
				MARKETING_VERSION = 0.1.0;
				PRODUCT_BUNDLE_IDENTIFIER = twq.com.example.sa.WeVolunt;
				PRODUCT_NAME = "$(TARGET_NAME)";
				PROVISIONING_PROFILE_SPECIFIER = "";
				SWIFT_EMIT_LOC_STRINGS = YES;
				SWIFT_VERSION = 5.0;
				TARGETED_DEVICE_FAMILY = "1,2";
			};
			name = Debug;
		};
		D44D20EF293F4AB800E5FCEC /* Release */ = {
			isa = XCBuildConfiguration;
			buildSettings = {
				ASSETCATALOG_COMPILER_APPICON_NAME = AppIcon;
				ASSETCATALOG_COMPILER_GLOBAL_ACCENT_COLOR_NAME = AccentColor;
				CODE_SIGN_ENTITLEMENTS = WeVolunt/WeVolunt.entitlements;
				CODE_SIGN_IDENTITY = "Apple Development";
				CODE_SIGN_STYLE = Automatic;
				CURRENT_PROJECT_VERSION = 1;
				DEVELOPMENT_ASSET_PATHS = "\"WeVolunt/Preview Content\"";
				DEVELOPMENT_TEAM = 45BF26C7ZG;
				ENABLE_PREVIEWS = YES;
				GENERATE_INFOPLIST_FILE = YES;
				INFOPLIST_FILE = WeVolunt/Info.plist;
				INFOPLIST_KEY_UIApplicationSceneManifest_Generation = YES;
				INFOPLIST_KEY_UIApplicationSupportsIndirectInputEvents = YES;
				INFOPLIST_KEY_UILaunchScreen_Generation = YES;
				INFOPLIST_KEY_UISupportedInterfaceOrientations_iPad = "UIInterfaceOrientationPortrait UIInterfaceOrientationPortraitUpsideDown UIInterfaceOrientationLandscapeLeft UIInterfaceOrientationLandscapeRight";
				INFOPLIST_KEY_UISupportedInterfaceOrientations_iPhone = "UIInterfaceOrientationPortrait UIInterfaceOrientationLandscapeLeft UIInterfaceOrientationLandscapeRight";
				LD_RUNPATH_SEARCH_PATHS = (
					"$(inherited)",
					"@executable_path/Frameworks",
				);
				MARKETING_VERSION = 0.1.0;
				PRODUCT_BUNDLE_IDENTIFIER = twq.com.example.sa.WeVolunt;
				PRODUCT_NAME = "$(TARGET_NAME)";
				PROVISIONING_PROFILE_SPECIFIER = "";
				SWIFT_EMIT_LOC_STRINGS = YES;
				SWIFT_VERSION = 5.0;
				TARGETED_DEVICE_FAMILY = "1,2";
			};
			name = Release;
		};
/* End XCBuildConfiguration section */

/* Begin XCConfigurationList section */
		D44D20DA293F4AB700E5FCEC /* Build configuration list for PBXProject "WeVolunt" */ = {
			isa = XCConfigurationList;
			buildConfigurations = (
				D44D20EB293F4AB800E5FCEC /* Debug */,
				D44D20EC293F4AB800E5FCEC /* Release */,
			);
			defaultConfigurationIsVisible = 0;
			defaultConfigurationName = Release;
		};
		D44D20ED293F4AB800E5FCEC /* Build configuration list for PBXNativeTarget "WeVolunt" */ = {
			isa = XCConfigurationList;
			buildConfigurations = (
				D44D20EE293F4AB800E5FCEC /* Debug */,
				D44D20EF293F4AB800E5FCEC /* Release */,
			);
			defaultConfigurationIsVisible = 0;
			defaultConfigurationName = Release;
		};
/* End XCConfigurationList section */

/* Begin XCRemoteSwiftPackageReference section */
		D41ED3EE294866D800EFB697 /* XCRemoteSwiftPackageReference "firebase-ios-sdk" */ = {
			isa = XCRemoteSwiftPackageReference;
			repositoryURL = "https://github.com/firebase/firebase-ios-sdk";
			requirement = {
				kind = upToNextMajorVersion;
				minimumVersion = 9.0.0;
			};
		};
/* End XCRemoteSwiftPackageReference section */

/* Begin XCSwiftPackageProductDependency section */
		D41ED3EF294866D800EFB697 /* FirebaseAnalytics */ = {
			isa = XCSwiftPackageProductDependency;
			package = D41ED3EE294866D800EFB697 /* XCRemoteSwiftPackageReference "firebase-ios-sdk" */;
			productName = FirebaseAnalytics;
		};
		D41ED3F1294866D800EFB697 /* FirebaseAuth */ = {
			isa = XCSwiftPackageProductDependency;
			package = D41ED3EE294866D800EFB697 /* XCRemoteSwiftPackageReference "firebase-ios-sdk" */;
			productName = FirebaseAuth;
		};
		D41ED3F3294866D800EFB697 /* FirebaseMessaging */ = {
			isa = XCSwiftPackageProductDependency;
			package = D41ED3EE294866D800EFB697 /* XCRemoteSwiftPackageReference "firebase-ios-sdk" */;
			productName = FirebaseMessaging;
		};
/* End XCSwiftPackageProductDependency section */
	};
	rootObject = D44D20D7293F4AB700E5FCEC /* Project object */;
}
